
Microsoft Visual Studio Solution File, Format Version 12.00
# Visual Studio Version 17
VisualStudioVersion = 17.0.31903.59
MinimumVisualStudioVersion = 10.0.40219.1
Project("{FAE04EC0-301F-11D3-BF4B-00C04F79EFBC}") = "CleanArchMvc.Application", "CleanArchMvc.Application\CleanArchMvc.Application.csproj", "{7459A174-58B9-42AB-87F0-8587BB760275}"
EndProject
Project("{FAE04EC0-301F-11D3-BF4B-00C04F79EFBC}") = "CleanArchMvc.Domain", "CleanArchMvc.Domain\CleanArchMvc.Domain.csproj", "{B65BD247-9F14-403A-9596-0FB158B69D21}"
EndProject
Project("{FAE04EC0-301F-11D3-BF4B-00C04F79EFBC}") = "CleanArchMvc.Infra.Data", "CleanArchMvc.Infra.Data\CleanArchMvc.Infra.Data.csproj", "{69EC9EFE-6B9B-4B56-88A4-0F0A3D0A4A12}"
EndProject
Project("{FAE04EC0-301F-11D3-BF4B-00C04F79EFBC}") = "CleanArchMvc.Infra.Ioc", "CleanArchMvc.Infra.Ioc\CleanArchMvc.Infra.Ioc.csproj", "{C4BF7996-B57F-49AC-9E6F-862A943D1F5C}"
EndProject
Project("{FAE04EC0-301F-11D3-BF4B-00C04F79EFBC}") = "CleanArchMvc.WebUI", "CleanArchMvc.WebUI\CleanArchMvc.WebUI.csproj", "{065B01D0-440A-46BB-9890-216506CC68C6}"
EndProject
Project("{FAE04EC0-301F-11D3-BF4B-00C04F79EFBC}") = "CleanArchMvc.Domain.Tests", "CleanArchMvc.Domain.Tests\CleanArchMvc.Domain.Tests.csproj", "{8ED546DF-C66D-4BFB-BDC9-F813230E8272}"
EndProject
Global
	GlobalSection(SolutionConfigurationPlatforms) = preSolution
		Debug|Any CPU = Debug|Any CPU
		Release|Any CPU = Release|Any CPU
	EndGlobalSection
	GlobalSection(SolutionProperties) = preSolution
		HideSolutionNode = FALSE
	EndGlobalSection
	GlobalSection(ProjectConfigurationPlatforms) = postSolution
		{7459A174-58B9-42AB-87F0-8587BB760275}.Debug|Any CPU.ActiveCfg = Debug|Any CPU
		{7459A174-58B9-42AB-87F0-8587BB760275}.Debug|Any CPU.Build.0 = Debug|Any CPU
		{7459A174-58B9-42AB-87F0-8587BB760275}.Release|Any CPU.ActiveCfg = Release|Any CPU
		{7459A174-58B9-42AB-87F0-8587BB760275}.Release|Any CPU.Build.0 = Release|Any CPU
		{B65BD247-9F14-403A-9596-0FB158B69D21}.Debug|Any CPU.ActiveCfg = Debug|Any CPU
		{B65BD247-9F14-403A-9596-0FB158B69D21}.Debug|Any CPU.Build.0 = Debug|Any CPU
		{B65BD247-9F14-403A-9596-0FB158B69D21}.Release|Any CPU.ActiveCfg = Release|Any CPU
		{B65BD247-9F14-403A-9596-0FB158B69D21}.Release|Any CPU.Build.0 = Release|Any CPU
		{69EC9EFE-6B9B-4B56-88A4-0F0A3D0A4A12}.Debug|Any CPU.ActiveCfg = Debug|Any CPU
		{69EC9EFE-6B9B-4B56-88A4-0F0A3D0A4A12}.Debug|Any CPU.Build.0 = Debug|Any CPU
		{69EC9EFE-6B9B-4B56-88A4-0F0A3D0A4A12}.Release|Any CPU.ActiveCfg = Release|Any CPU
		{69EC9EFE-6B9B-4B56-88A4-0F0A3D0A4A12}.Release|Any CPU.Build.0 = Release|Any CPU
		{C4BF7996-B57F-49AC-9E6F-862A943D1F5C}.Debug|Any CPU.ActiveCfg = Debug|Any CPU
		{C4BF7996-B57F-49AC-9E6F-862A943D1F5C}.Debug|Any CPU.Build.0 = Debug|Any CPU
		{C4BF7996-B57F-49AC-9E6F-862A943D1F5C}.Release|Any CPU.ActiveCfg = Release|Any CPU
		{C4BF7996-B57F-49AC-9E6F-862A943D1F5C}.Release|Any CPU.Build.0 = Release|Any CPU
		{065B01D0-440A-46BB-9890-216506CC68C6}.Debug|Any CPU.ActiveCfg = Debug|Any CPU
		{065B01D0-440A-46BB-9890-216506CC68C6}.Debug|Any CPU.Build.0 = Debug|Any CPU
		{065B01D0-440A-46BB-9890-216506CC68C6}.Release|Any CPU.ActiveCfg = Release|Any CPU
		{065B01D0-440A-46BB-9890-216506CC68C6}.Release|Any CPU.Build.0 = Release|Any CPU
		{8ED546DF-C66D-4BFB-BDC9-F813230E8272}.Debug|Any CPU.ActiveCfg = Debug|Any CPU
		{8ED546DF-C66D-4BFB-BDC9-F813230E8272}.Debug|Any CPU.Build.0 = Debug|Any CPU
		{8ED546DF-C66D-4BFB-BDC9-F813230E8272}.Release|Any CPU.ActiveCfg = Release|Any CPU
		{8ED546DF-C66D-4BFB-BDC9-F813230E8272}.Release|Any CPU.Build.0 = Release|Any CPU
	EndGlobalSection
EndGlobal
